
Microsoft Visual Studio Solution File, Format Version 12.00
# Visual Studio Version 17
VisualStudioVersion = 17.3.32819.101
MinimumVisualStudioVersion = 10.0.40219.1
Project("{FAE04EC0-301F-11D3-BF4B-00C04F79EFBC}") = "NUnit Test", "NUnit Test.csproj", "{F87A90A2-363F-4ABD-ADA7-99EE382F994C}"
EndProject
Global
	GlobalSection(SolutionConfigurationPlatforms) = preSolution
		Debug|Any CPU = Debug|Any CPU
		Release|Any CPU = Release|Any CPU
	EndGlobalSection
	GlobalSection(ProjectConfigurationPlatforms) = postSolution
		{F87A90A2-363F-4ABD-ADA7-99EE382F994C}.Debug|Any CPU.ActiveCfg = Debug|Any CPU
		{F87A90A2-363F-4ABD-ADA7-99EE382F994C}.Debug|Any CPU.Build.0 = Debug|Any CPU
		{F87A90A2-363F-4ABD-ADA7-99EE382F994C}.Release|Any CPU.ActiveCfg = Release|Any CPU
		{F87A90A2-363F-4ABD-ADA7-99EE382F994C}.Release|Any CPU.Build.0 = Release|Any CPU
	EndGlobalSection
	GlobalSection(SolutionProperties) = preSolution
		HideSolutionNode = FALSE
	EndGlobalSection
	GlobalSection(ExtensibilityGlobals) = postSolution
		SolutionGuid = {014A7672-6D21-4B6A-80EF-4A33401C256A}
	EndGlobalSection
EndGlobal
